// !$*UTF8*$!
{
	archiveVersion = 1;
	classes = {
	};
	objectVersion = 70;
	objects = {

/* Begin PBXBuildFile section */
		A041544A2FB7DEB8006808FD /* WidgetKit.framework in Frameworks */ = {isa = PBXBuildFile; fileRef = A04154492FB7DEB8006808FD /* WidgetKit.framework */; };
		A041544C2FB7DEB8006808FD /* SwiftUI.framework in Frameworks */ = {isa = PBXBuildFile; fileRef = A041544B2FB7DEB8006808FD /* SwiftUI.framework */; };
		A04F6FDF2FB80C120085446E /* DepoCore in Frameworks */ = {isa = PBXBuildFile; productRef = A04F6FDE2FB80C120085446E /* DepoCore */; };
		A0D4CABD2FBFEB830093A3BD /* DepoLiveActivity in Frameworks */ = {isa = PBXBuildFile; productRef = A0D4CABC2FBFEB830093A3BD /* DepoLiveActivity */; };
		A0D4CAC32FBFEFD10093A3BD /* DepoCore in Frameworks */ = {isa = PBXBuildFile; productRef = A0D4CAC22FBFEFD10093A3BD /* DepoCore */; };
		A0D4CACB2FC6D9E40093A3BD /* DepoUI in Frameworks */ = {isa = PBXBuildFile; productRef = A0D4CACA2FC6D9E40093A3BD /* DepoUI */; };
		A0D4CACD2FC6DBF00093A3BD /* DepoUI in Frameworks */ = {isa = PBXBuildFile; productRef = A0D4CACC2FC6DBF00093A3BD /* DepoUI */; };
		A1000001 /* MenuBarTimerApp.swift in Sources */ = {isa = PBXBuildFile; fileRef = A2000001 /* MenuBarTimerApp.swift */; };
		A1000002 /* TimerModel.swift in Sources */ = {isa = PBXBuildFile; fileRef = A2000002 /* TimerModel.swift */; };
		A1000003 /* TimerView.swift in Sources */ = {isa = PBXBuildFile; fileRef = A2000003 /* TimerView.swift */; };
/* End PBXBuildFile section */

/* Begin PBXFileReference section */
		A04154472FB7DEB8006808FD /* DepoTimerWidgetExtension.appex */ = {isa = PBXFileReference; explicitFileType = "wrapper.app-extension"; includeInIndex = 0; path = DepoTimerWidgetExtension.appex; sourceTree = BUILT_PRODUCTS_DIR; };
		A04154492FB7DEB8006808FD /* WidgetKit.framework */ = {isa = PBXFileReference; lastKnownFileType = wrapper.framework; name = WidgetKit.framework; path = System/Library/Frameworks/WidgetKit.framework; sourceTree = SDKROOT; };
		A041544B2FB7DEB8006808FD /* SwiftUI.framework */ = {isa = PBXFileReference; lastKnownFileType = wrapper.framework; name = SwiftUI.framework; path = System/Library/Frameworks/SwiftUI.framework; sourceTree = SDKROOT; };
		A04154662FB7DECC006808FD /* DepoTimerWidgetExtension.entitlements */ = {isa = PBXFileReference; lastKnownFileType = text.plist.entitlements; path = DepoTimerWidgetExtension.entitlements; sourceTree = "<group>"; };
		A0894AE52FB6CECD009C1645 /* DepoTimerApp.swift */ = {isa = PBXFileReference; lastKnownFileType = sourcecode.swift; path = DepoTimerApp.swift; sourceTree = "<group>"; };
		A0894AE62FB6CEFE009C1645 /* ContentView.swift */ = {isa = PBXFileReference; lastKnownFileType = sourcecode.swift; path = ContentView.swift; sourceTree = "<group>"; };
		A0894AE72FB6F881009C1645 /* DepoTimer.entitlements */ = {isa = PBXFileReference; lastKnownFileType = text.plist.entitlements; path = DepoTimer.entitlements; sourceTree = "<group>"; };
		A0894AE92FB6F885009C1645 /* DepoTimerWidgetBundle.swift */ = {isa = PBXFileReference; lastKnownFileType = sourcecode.swift; path = DepoTimerWidgetBundle.swift; sourceTree = "<group>"; };
		A0894AEA2FB6F88E009C1645 /* DepoControl.swift */ = {isa = PBXFileReference; lastKnownFileType = sourcecode.swift; path = DepoControl.swift; sourceTree = "<group>"; };
		A0894AEB2FB6F8A3009C1645 /* DepoTimerLiveActivity.swift */ = {isa = PBXFileReference; lastKnownFileType = sourcecode.swift; path = DepoTimerLiveActivity.swift; sourceTree = "<group>"; };
		A0894AEC2FB6F8A9009C1645 /* DepoTimerWidget.entitlements */ = {isa = PBXFileReference; lastKnownFileType = text.plist.entitlements; path = DepoTimerWidget.entitlements; sourceTree = "<group>"; };
		A0894AF12FB6FC27009C1645 /* DepoTimer.app */ = {isa = PBXFileReference; explicitFileType = wrapper.application; includeInIndex = 0; path = DepoTimer.app; sourceTree = BUILT_PRODUCTS_DIR; };
		A2000001 /* MenuBarTimerApp.swift */ = {isa = PBXFileReference; lastKnownFileType = sourcecode.swift; path = MenuBarTimerApp.swift; sourceTree = "<group>"; };
		A2000002 /* TimerModel.swift */ = {isa = PBXFileReference; lastKnownFileType = sourcecode.swift; path = TimerModel.swift; sourceTree = "<group>"; };
		A2000003 /* TimerView.swift */ = {isa = PBXFileReference; lastKnownFileType = sourcecode.swift; path = TimerView.swift; sourceTree = "<group>"; };
		A2000004 /* MenuBarTimer.entitlements */ = {isa = PBXFileReference; lastKnownFileType = text.plist.entitlements; path = MenuBarTimer.entitlements; sourceTree = "<group>"; };
		A3000001 /* DepoTimer.app */ = {isa = PBXFileReference; explicitFileType = wrapper.application; includeInIndex = 0; path = DepoTimer.app; sourceTree = BUILT_PRODUCTS_DIR; };
/* End PBXFileReference section */

/* Begin PBXFileSystemSynchronizedBuildFileExceptionSet section */
		A041545C2FB7DEBB006808FD /* PBXFileSystemSynchronizedBuildFileExceptionSet */ = {
			isa = PBXFileSystemSynchronizedBuildFileExceptionSet;
			membershipExceptions = (
				Info.plist,
			);
			target = A04154462FB7DEB8006808FD /* DepoTimerWidgetExtension */;
		};
/* End PBXFileSystemSynchronizedBuildFileExceptionSet section */

/* Begin PBXFileSystemSynchronizedRootGroup section */
		A041544D2FB7DEB8006808FD /* DepoTimerWidget */ = {isa = PBXFileSystemSynchronizedRootGroup; exceptions = (A041545C2FB7DEBB006808FD /* PBXFileSystemSynchronizedBuildFileExceptionSet */, ); explicitFileTypes = {}; explicitFolders = (); path = DepoTimerWidget; sourceTree = "<group>"; };
		A0894AF22FB6FC27009C1645 /* DepoTimer */ = {isa = PBXFileSystemSynchronizedRootGroup; explicitFileTypes = {}; explicitFolders = (); path = DepoTimer; sourceTree = "<group>"; };
/* End PBXFileSystemSynchronizedRootGroup section */

/* Begin PBXFrameworksBuildPhase section */
		A04154442FB7DEB8006808FD /* Frameworks */ = {
			isa = PBXFrameworksBuildPhase;
			buildActionMask = 2147483647;
			files = (
				A041544C2FB7DEB8006808FD /* SwiftUI.framework in Frameworks */,
				A0D4CABD2FBFEB830093A3BD /* DepoLiveActivity in Frameworks */,
				A041544A2FB7DEB8006808FD /* WidgetKit.framework in Frameworks */,
			);
			runOnlyForDeploymentPostprocessing = 0;
		};
		A0894AEE2FB6FC27009C1645 /* Frameworks */ = {
			isa = PBXFrameworksBuildPhase;
			buildActionMask = 2147483647;
			files = (
				A0D4CACB2FC6D9E40093A3BD /* DepoUI in Frameworks */,
				A0D4CAC32FBFEFD10093A3BD /* DepoCore in Frameworks */,
			);
			runOnlyForDeploymentPostprocessing = 0;
		};
		A4000001 /* Frameworks */ = {
			isa = PBXFrameworksBuildPhase;
			buildActionMask = 2147483647;
			files = (
				A0D4CACD2FC6DBF00093A3BD /* DepoUI in Frameworks */,
				A04F6FDF2FB80C120085446E /* DepoCore in Frameworks */,
			);
			runOnlyForDeploymentPostprocessing = 0;
		};
/* End PBXFrameworksBuildPhase section */

/* Begin PBXGroup section */
		A04154482FB7DEB8006808FD /* Frameworks */ = {
			isa = PBXGroup;
			children = (
				A04154492FB7DEB8006808FD /* WidgetKit.framework */,
				A041544B2FB7DEB8006808FD /* SwiftUI.framework */,
			);
			name = Frameworks;
			sourceTree = "<group>";
		};
		A0894ADE2FB6CCD6009C1645 /* Shared */ = {
			isa = PBXGroup;
			children = (
			);
			path = Shared;
			sourceTree = "<group>";
		};
		A0894AE42FB6CECD009C1645 /* DepoTimer */ = {
			isa = PBXGroup;
			children = (
				A0894AE52FB6CECD009C1645 /* DepoTimerApp.swift */,
				A0894AE62FB6CEFE009C1645 /* ContentView.swift */,
				A0894AE72FB6F881009C1645 /* DepoTimer.entitlements */,
			);
			path = DepoTimer;
			sourceTree = "<group>";
		};
		A0894AE82FB6F885009C1645 /* DepoTimerWidget */ = {
			isa = PBXGroup;
			children = (
				A0894AE92FB6F885009C1645 /* DepoTimerWidgetBundle.swift */,
				A0894AEA2FB6F88E009C1645 /* DepoControl.swift */,
				A0894AEB2FB6F8A3009C1645 /* DepoTimerLiveActivity.swift */,
				A0894AEC2FB6F8A9009C1645 /* DepoTimerWidget.entitlements */,
			);
			path = DepoTimerWidget;
			sourceTree = "<group>";
		};
		A5000001 = {
			isa = PBXGroup;
			children = (
				A04154662FB7DECC006808FD /* DepoTimerWidgetExtension.entitlements */,
				A5000002 /* MenuBarTimer */,
				A0894AF22FB6FC27009C1645 /* DepoTimer */,
				A041544D2FB7DEB8006808FD /* DepoTimerWidget */,
				A04154482FB7DEB8006808FD /* Frameworks */,
				A5000003 /* Products */,
				A0894ADE2FB6CCD6009C1645 /* Shared */,
				A0894AE42FB6CECD009C1645 /* DepoTimer */,
				A0894AE82FB6F885009C1645 /* DepoTimerWidget */,
			);
			sourceTree = "<group>";
		};
		A5000002 /* MenuBarTimer */ = {
			isa = PBXGroup;
			children = (
				A2000001 /* MenuBarTimerApp.swift */,
				A2000002 /* TimerModel.swift */,
				A2000003 /* TimerView.swift */,
				A2000004 /* MenuBarTimer.entitlements */,
			);
			path = MenuBarTimer;
			sourceTree = "<group>";
		};
		A5000003 /* Products */ = {
			isa = PBXGroup;
			children = (
				A3000001 /* DepoTimer.app */,
				A0894AF12FB6FC27009C1645 /* DepoTimer.app */,
				A04154472FB7DEB8006808FD /* DepoTimerWidgetExtension.appex */,
			);
			name = Products;
			sourceTree = "<group>";
		};
/* End PBXGroup section */

/* Begin PBXNativeTarget section */
		A04154462FB7DEB8006808FD /* DepoTimerWidgetExtension */ = {
			isa = PBXNativeTarget;
			buildConfigurationList = A041545D2FB7DEBB006808FD /* Build configuration list for PBXNativeTarget "DepoTimerWidgetExtension" */;
			buildPhases = (
				A04154432FB7DEB8006808FD /* Sources */,
				A04154442FB7DEB8006808FD /* Frameworks */,
				A04154452FB7DEB8006808FD /* Resources */,
			);
			buildRules = (
			);
			dependencies = (
			);
			fileSystemSynchronizedGroups = (
				A041544D2FB7DEB8006808FD /* DepoTimerWidget */,
			);
			name = DepoTimerWidgetExtension;
			packageProductDependencies = (
				A0D4CABC2FBFEB830093A3BD /* DepoLiveActivity */,
			);
			productName = DepoTimerWidgetExtension;
			productReference = A04154472FB7DEB8006808FD /* DepoTimerWidgetExtension.appex */;
			productType = "com.apple.product-type.app-extension";
		};
		A0894AF02FB6FC27009C1645 /* DepoTimer */ = {
			isa = PBXNativeTarget;
			buildConfigurationList = A0894AF92FB6FC29009C1645 /* Build configuration list for PBXNativeTarget "DepoTimer" */;
			buildPhases = (
				A0894AED2FB6FC27009C1645 /* Sources */,
				A0894AEE2FB6FC27009C1645 /* Frameworks */,
				A0894AEF2FB6FC27009C1645 /* Resources */,
			);
			buildRules = (
			);
			dependencies = (
			);
			fileSystemSynchronizedGroups = (
				A0894AF22FB6FC27009C1645 /* DepoTimer */,
			);
			name = DepoTimer;
			packageProductDependencies = (
				A0D4CAC22FBFEFD10093A3BD /* DepoCore */,
				A0D4CACA2FC6D9E40093A3BD /* DepoUI */,
			);
			productName = DepoTimer;
			productReference = A0894AF12FB6FC27009C1645 /* DepoTimer.app */;
			productType = "com.apple.product-type.application";
		};
		A6000001 /* MenuBarTimer */ = {
			isa = PBXNativeTarget;
			buildConfigurationList = A8000001 /* Build configuration list for PBXNativeTarget "MenuBarTimer" */;
			buildPhases = (
				A7000001 /* Sources */,
				A4000001 /* Frameworks */,
				A9000001 /* Resources */,
			);
			buildRules = (
			);
			dependencies = (
			);
			name = MenuBarTimer;
			productName = MenuBarTimer;
			productReference = A3000001 /* DepoTimer.app */;
			productType = "com.apple.product-type.application";
		};
/* End PBXNativeTarget section */

/* Begin PBXProject section */
		AA000001 /* Project object */ = {
			isa = PBXProject;
			attributes = {
				BuildIndependentTargetsInParallel = 1;
				LastSwiftUpdateCheck = 2650;
				LastUpgradeCheck = 2650;
				TargetAttributes = {
					A04154462FB7DEB8006808FD = {
						CreatedOnToolsVersion = 26.5;
					};
					A0894AF02FB6FC27009C1645 = {
						CreatedOnToolsVersion = 26.5;
					};
					A6000001 = {
						CreatedOnToolsVersion = 15.0;
					};
				};
			};
			buildConfigurationList = A8000002 /* Build configuration list for PBXProject "MenuBarTimer" */;
			compatibilityVersion = "Xcode 14.0";
			developmentRegion = en;
			hasScannedForEncodings = 0;
			knownRegions = (
				en,
				Base,
			);
			mainGroup = A5000001;
			packageReferences = (
				A04F6FDD2FB7F3EA0085446E /* XCLocalSwiftPackageReference "Packages/DepoKit" */,
			);
			productRefGroup = A5000003 /* Products */;
			projectDirPath = "";
			projectRoot = "";
			targets = (
				A6000001 /* MenuBarTimer */,
				A0894AF02FB6FC27009C1645 /* DepoTimer */,
				A04154462FB7DEB8006808FD /* DepoTimerWidgetExtension */,
			);
		};
/* End PBXProject section */

/* Begin PBXResourcesBuildPhase section */
		A04154452FB7DEB8006808FD /* Resources */ = {
			isa = PBXResourcesBuildPhase;
			buildActionMask = 2147483647;
			files = (
			);
			runOnlyForDeploymentPostprocessing = 0;
		};
		A0894AEF2FB6FC27009C1645 /* Resources */ = {
			isa = PBXResourcesBuildPhase;
			buildActionMask = 2147483647;
			files = (
			);
			runOnlyForDeploymentPostprocessing = 0;
		};
		A9000001 /* Resources */ = {
			isa = PBXResourcesBuildPhase;
			buildActionMask = 2147483647;
			files = (
			);
			runOnlyForDeploymentPostprocessing = 0;
		};
/* End PBXResourcesBuildPhase section */

/* Begin PBXSourcesBuildPhase section */
		A04154432FB7DEB8006808FD /* Sources */ = {
			isa = PBXSourcesBuildPhase;
			buildActionMask = 2147483647;
			files = (
			);
			runOnlyForDeploymentPostprocessing = 0;
		};
		A0894AED2FB6FC27009C1645 /* Sources */ = {
			isa = PBXSourcesBuildPhase;
			buildActionMask = 2147483647;
			files = (
			);
			runOnlyForDeploymentPostprocessing = 0;
		};
		A7000001 /* Sources */ = {
			isa = PBXSourcesBuildPhase;
			buildActionMask = 2147483647;
			files = (
				A1000001 /* MenuBarTimerApp.swift in Sources */,
				A1000002 /* TimerModel.swift in Sources */,
				A1000003 /* TimerView.swift in Sources */,
			);
			runOnlyForDeploymentPostprocessing = 0;
		};
/* End PBXSourcesBuildPhase section */

/* Begin XCBuildConfiguration section */
		A041545E2FB7DEBB006808FD /* Debug */ = {
			isa = XCBuildConfiguration;
			buildSettings = {
				ASSETCATALOG_COMPILER_GENERATE_SWIFT_ASSET_SYMBOL_EXTENSIONS = YES;
				ASSETCATALOG_COMPILER_GLOBAL_ACCENT_COLOR_NAME = AccentColor;
				ASSETCATALOG_COMPILER_WIDGET_BACKGROUND_COLOR_NAME = WidgetBackground;
				CLANG_WARN_DIRECT_OBJC_ISA_USAGE = YES_ERROR;
				CLANG_WARN_DOCUMENTATION_COMMENTS = YES;
				CLANG_WARN_OBJC_ROOT_CLASS = YES_ERROR;
				CLANG_WARN_UNGUARDED_AVAILABILITY = YES_AGGRESSIVE;
				CODE_SIGN_ENTITLEMENTS = DepoTimerWidgetExtension.entitlements;
				CODE_SIGN_STYLE = Automatic;
				CURRENT_PROJECT_VERSION = 1;
				DEVELOPMENT_TEAM = H58ZSKWPAZ;
				GCC_WARN_ABOUT_RETURN_TYPE = YES_ERROR;
				GCC_WARN_UNINITIALIZED_AUTOS = YES_AGGRESSIVE;
				GENERATE_INFOPLIST_FILE = YES;
				INFOPLIST_FILE = DepoTimerWidget/Info.plist;
				INFOPLIST_KEY_CFBundleDisplayName = DepoTimerWidget;
				INFOPLIST_KEY_NSHumanReadableCopyright = "";
				IPHONEOS_DEPLOYMENT_TARGET = 26.5;
				LD_RUNPATH_SEARCH_PATHS = (
					"$(inherited)",
					"@executable_path/Frameworks",
					"@executable_path/../../Frameworks",
				);
				LOCALIZATION_PREFERS_STRING_CATALOGS = YES;
				MARKETING_VERSION = 1.0;
				PRODUCT_BUNDLE_IDENTIFIER = net.eurekastreet.DepoTimer.DepoTimerWidget;
				PRODUCT_NAME = "$(TARGET_NAME)";
				SDKROOT = iphoneos;
				SKIP_INSTALL = YES;
				STRING_CATALOG_GENERATE_SYMBOLS = YES;
				SWIFT_ACTIVE_COMPILATION_CONDITIONS = "DEBUG $(inherited)";
				SWIFT_APPROACHABLE_CONCURRENCY = YES;
				SWIFT_EMIT_LOC_STRINGS = YES;
				SWIFT_UPCOMING_FEATURE_MEMBER_IMPORT_VISIBILITY = YES;
				SWIFT_VERSION = 5.0;
				TARGETED_DEVICE_FAMILY = "1,2";
			};
			name = Debug;
		};
		A041545F2FB7DEBB006808FD /* Release */ = {
			isa = XCBuildConfiguration;
			buildSettings = {
				ASSETCATALOG_COMPILER_GENERATE_SWIFT_ASSET_SYMBOL_EXTENSIONS = YES;
				ASSETCATALOG_COMPILER_GLOBAL_ACCENT_COLOR_NAME = AccentColor;
				ASSETCATALOG_COMPILER_WIDGET_BACKGROUND_COLOR_NAME = WidgetBackground;
				CLANG_WARN_DIRECT_OBJC_ISA_USAGE = YES_ERROR;
				CLANG_WARN_DOCUMENTATION_COMMENTS = YES;
				CLANG_WARN_OBJC_ROOT_CLASS = YES_ERROR;
				CLANG_WARN_UNGUARDED_AVAILABILITY = YES_AGGRESSIVE;
				CODE_SIGN_ENTITLEMENTS = DepoTimerWidgetExtension.entitlements;
				CODE_SIGN_STYLE = Automatic;
				CURRENT_PROJECT_VERSION = 1;
				DEVELOPMENT_TEAM = H58ZSKWPAZ;
				GCC_WARN_ABOUT_RETURN_TYPE = YES_ERROR;
				GCC_WARN_UNINITIALIZED_AUTOS = YES_AGGRESSIVE;
				GENERATE_INFOPLIST_FILE = YES;
				INFOPLIST_FILE = DepoTimerWidget/Info.plist;
				INFOPLIST_KEY_CFBundleDisplayName = DepoTimerWidget;
				INFOPLIST_KEY_NSHumanReadableCopyright = "";
				IPHONEOS_DEPLOYMENT_TARGET = 26.5;
				LD_RUNPATH_SEARCH_PATHS = (
					"$(inherited)",
					"@executable_path/Frameworks",
					"@executable_path/../../Frameworks",
				);
				LOCALIZATION_PREFERS_STRING_CATALOGS = YES;
				MARKETING_VERSION = 1.0;
				MTL_ENABLE_DEBUG_INFO = NO;
				PRODUCT_BUNDLE_IDENTIFIER = net.eurekastreet.DepoTimer.DepoTimerWidget;
				PRODUCT_NAME = "$(TARGET_NAME)";
				SDKROOT = iphoneos;
				SKIP_INSTALL = YES;
				STRING_CATALOG_GENERATE_SYMBOLS = YES;
				SWIFT_APPROACHABLE_CONCURRENCY = YES;
				SWIFT_EMIT_LOC_STRINGS = YES;
				SWIFT_UPCOMING_FEATURE_MEMBER_IMPORT_VISIBILITY = YES;
				SWIFT_VERSION = 5.0;
				TARGETED_DEVICE_FAMILY = "1,2";
				VALIDATE_PRODUCT = YES;
			};
			name = Release;
		};
		A0894AFA2FB6FC29009C1645 /* Debug */ = {
			isa = XCBuildConfiguration;
			buildSettings = {
				ASSETCATALOG_COMPILER_APPICON_NAME = AppIcon;
				ASSETCATALOG_COMPILER_GENERATE_SWIFT_ASSET_SYMBOL_EXTENSIONS = YES;
				ASSETCATALOG_COMPILER_GLOBAL_ACCENT_COLOR_NAME = AccentColor;
				CLANG_WARN_DIRECT_OBJC_ISA_USAGE = YES_ERROR;
				CLANG_WARN_DOCUMENTATION_COMMENTS = YES;
				CLANG_WARN_OBJC_ROOT_CLASS = YES_ERROR;
				CLANG_WARN_UNGUARDED_AVAILABILITY = YES_AGGRESSIVE;
				CODE_SIGN_ENTITLEMENTS = DepoTimer/DepoTimer.entitlements;
				CODE_SIGN_STYLE = Automatic;
				CURRENT_PROJECT_VERSION = 1;
				DEVELOPMENT_TEAM = H58ZSKWPAZ;
				ENABLE_PREVIEWS = YES;
				GCC_WARN_ABOUT_RETURN_TYPE = YES_ERROR;
				GCC_WARN_UNINITIALIZED_AUTOS = YES_AGGRESSIVE;
				GENERATE_INFOPLIST_FILE = YES;
				INFOPLIST_KEY_UIApplicationSceneManifest_Generation = YES;
				INFOPLIST_KEY_UIApplicationSupportsIndirectInputEvents = YES;
				INFOPLIST_KEY_UILaunchScreen_Generation = YES;
				INFOPLIST_KEY_UISupportedInterfaceOrientations_iPad = "UIInterfaceOrientationPortrait UIInterfaceOrientationPortraitUpsideDown UIInterfaceOrientationLandscapeLeft UIInterfaceOrientationLandscapeRight";
				INFOPLIST_KEY_UISupportedInterfaceOrientations_iPhone = "UIInterfaceOrientationPortrait UIInterfaceOrientationLandscapeLeft UIInterfaceOrientationLandscapeRight";
				IPHONEOS_DEPLOYMENT_TARGET = 26.5;
				LD_RUNPATH_SEARCH_PATHS = (
					"$(inherited)",
					"@executable_path/Frameworks",
				);
				LOCALIZATION_PREFERS_STRING_CATALOGS = YES;
				MARKETING_VERSION = 1.0;
				PRODUCT_BUNDLE_IDENTIFIER = net.eurekastreet.DepoTimer;
				PRODUCT_NAME = "$(TARGET_NAME)";
				SDKROOT = iphoneos;
				STRING_CATALOG_GENERATE_SYMBOLS = YES;
				SWIFT_ACTIVE_COMPILATION_CONDITIONS = "DEBUG $(inherited)";
				SWIFT_APPROACHABLE_CONCURRENCY = YES;
				SWIFT_DEFAULT_ACTOR_ISOLATION = MainActor;
				SWIFT_EMIT_LOC_STRINGS = YES;
				SWIFT_UPCOMING_FEATURE_MEMBER_IMPORT_VISIBILITY = YES;
				SWIFT_VERSION = 5.0;
				TARGETED_DEVICE_FAMILY = "1,2";
			};
			name = Debug;
		};
		A0894AFB2FB6FC29009C1645 /* Release */ = {
			isa = XCBuildConfiguration;
			buildSettings = {
				ASSETCATALOG_COMPILER_APPICON_NAME = AppIcon;
				ASSETCATALOG_COMPILER_GENERATE_SWIFT_ASSET_SYMBOL_EXTENSIONS = YES;
				ASSETCATALOG_COMPILER_GLOBAL_ACCENT_COLOR_NAME = AccentColor;
				CLANG_WARN_DIRECT_OBJC_ISA_USAGE = YES_ERROR;
				CLANG_WARN_DOCUMENTATION_COMMENTS = YES;
				CLANG_WARN_OBJC_ROOT_CLASS = YES_ERROR;
				CLANG_WARN_UNGUARDED_AVAILABILITY = YES_AGGRESSIVE;
				CODE_SIGN_ENTITLEMENTS = DepoTimer/DepoTimer.entitlements;
				CODE_SIGN_STYLE = Automatic;
				CURRENT_PROJECT_VERSION = 1;
				DEVELOPMENT_TEAM = H58ZSKWPAZ;
				ENABLE_PREVIEWS = YES;
				GCC_WARN_ABOUT_RETURN_TYPE = YES_ERROR;
				GCC_WARN_UNINITIALIZED_AUTOS = YES_AGGRESSIVE;
				GENERATE_INFOPLIST_FILE = YES;
				INFOPLIST_KEY_UIApplicationSceneManifest_Generation = YES;
				INFOPLIST_KEY_UIApplicationSupportsIndirectInputEvents = YES;
				INFOPLIST_KEY_UILaunchScreen_Generation = YES;
				INFOPLIST_KEY_UISupportedInterfaceOrientations_iPad = "UIInterfaceOrientationPortrait UIInterfaceOrientationPortraitUpsideDown UIInterfaceOrientationLandscapeLeft UIInterfaceOrientationLandscapeRight";
				INFOPLIST_KEY_UISupportedInterfaceOrientations_iPhone = "UIInterfaceOrientationPortrait UIInterfaceOrientationLandscapeLeft UIInterfaceOrientationLandscapeRight";
				IPHONEOS_DEPLOYMENT_TARGET = 26.5;
				LD_RUNPATH_SEARCH_PATHS = (
					"$(inherited)",
					"@executable_path/Frameworks",
				);
				LOCALIZATION_PREFERS_STRING_CATALOGS = YES;
				MARKETING_VERSION = 1.0;
				MTL_ENABLE_DEBUG_INFO = NO;
				PRODUCT_BUNDLE_IDENTIFIER = net.eurekastreet.DepoTimer;
				PRODUCT_NAME = "$(TARGET_NAME)";
				SDKROOT = iphoneos;
				STRING_CATALOG_GENERATE_SYMBOLS = YES;
				SWIFT_APPROACHABLE_CONCURRENCY = YES;
				SWIFT_DEFAULT_ACTOR_ISOLATION = MainActor;
				SWIFT_EMIT_LOC_STRINGS = YES;
				SWIFT_UPCOMING_FEATURE_MEMBER_IMPORT_VISIBILITY = YES;
				SWIFT_VERSION = 5.0;
				TARGETED_DEVICE_FAMILY = "1,2";
				VALIDATE_PRODUCT = YES;
			};
			name = Release;
		};
		A8000003 /* Debug */ = {
			isa = XCBuildConfiguration;
			buildSettings = {
				ALWAYS_SEARCH_USER_PATHS = NO;
				CLANG_ANALYZER_NONNULL = YES;
				CLANG_ANALYZER_NUMBER_OBJECT_CONVERSION = YES_AGGRESSIVE;
				CLANG_CXX_LANGUAGE_STANDARD = "gnu++20";
				CLANG_ENABLE_MODULES = YES;
				CLANG_ENABLE_OBJC_ARC = YES;
				CLANG_ENABLE_OBJC_WEAK = YES;
				CLANG_WARN_BLOCK_CAPTURE_AUTORELEASING = YES;
				CLANG_WARN_BOOL_CONVERSION = YES;
				CLANG_WARN_COMMA = YES;
				CLANG_WARN_CONSTANT_CONVERSION = YES;
				CLANG_WARN_DEPRECATED_OBJC_IMPLEMENTATIONS = YES;
				CLANG_WARN_EMPTY_BODY = YES;
				CLANG_WARN_ENUM_CONVERSION = YES;
				CLANG_WARN_INFINITE_RECURSION = YES;
				CLANG_WARN_INT_CONVERSION = YES;
				CLANG_WARN_NON_LITERAL_NULL_CONVERSION = YES;
				CLANG_WARN_OBJC_IMPLICIT_RETAIN_SELF = YES;
				CLANG_WARN_OBJC_LITERAL_CONVERSION = YES;
				CLANG_WARN_QUOTED_INCLUDE_IN_FRAMEWORK_HEADER = YES;
				CLANG_WARN_RANGE_LOOP_ANALYSIS = YES;
				CLANG_WARN_STRICT_PROTOTYPES = YES;
				CLANG_WARN_SUSPICIOUS_MOVE = YES;
				CLANG_WARN_UNREACHABLE_CODE = YES;
				CLANG_WARN__DUPLICATE_METHOD_MATCH = YES;
				COPY_PHASE_STRIP = NO;
				DEAD_CODE_STRIPPING = YES;
				DEBUG_INFORMATION_FORMAT = dwarf;
				ENABLE_STRICT_OBJC_MSGSEND = YES;
				ENABLE_TESTABILITY = YES;
				ENABLE_USER_SCRIPT_SANDBOXING = YES;
				GCC_C_LANGUAGE_STANDARD = gnu17;
				GCC_DYNAMIC_NO_PIC = NO;
				GCC_NO_COMMON_BLOCKS = YES;
				GCC_OPTIMIZATION_LEVEL = 0;
				GCC_PREPROCESSOR_DEFINITIONS = (
					"DEBUG=1",
					"$(inherited)",
				);
				GCC_WARN_64_TO_32_BIT_CONVERSION = YES;
				GCC_WARN_ABOUT_RETURN_TYPE = YES;
				GCC_WARN_UNDECLARED_SELECTOR = YES;
				GCC_WARN_UNINITIALIZED_AUTOS = YES;
				GCC_WARN_UNUSED_FUNCTION = YES;
				GCC_WARN_UNUSED_VARIABLE = YES;
				MTL_ENABLE_DEBUG_INFO = INCLUDE_SOURCE;
				MTL_FAST_MATH = YES;
				ONLY_ACTIVE_ARCH = YES;
				STRING_CATALOG_GENERATE_SYMBOLS = YES;
				SWIFT_ACTIVE_COMPILATION_CONDITIONS = DEBUG;
				SWIFT_OPTIMIZATION_LEVEL = "-Onone";
			};
			name = Debug;
		};
		A8000004 /* Release */ = {
			isa = XCBuildConfiguration;
			buildSettings = {
				ALWAYS_SEARCH_USER_PATHS = NO;
				CLANG_ANALYZER_NONNULL = YES;
				CLANG_ANALYZER_NUMBER_OBJECT_CONVERSION = YES_AGGRESSIVE;
				CLANG_CXX_LANGUAGE_STANDARD = "gnu++20";
				CLANG_ENABLE_MODULES = YES;
				CLANG_ENABLE_OBJC_ARC = YES;
				CLANG_ENABLE_OBJC_WEAK = YES;
				CLANG_WARN_BLOCK_CAPTURE_AUTORELEASING = YES;
				CLANG_WARN_BOOL_CONVERSION = YES;
				CLANG_WARN_COMMA = YES;
				CLANG_WARN_CONSTANT_CONVERSION = YES;
				CLANG_WARN_DEPRECATED_OBJC_IMPLEMENTATIONS = YES;
				CLANG_WARN_EMPTY_BODY = YES;
				CLANG_WARN_ENUM_CONVERSION = YES;
				CLANG_WARN_INFINITE_RECURSION = YES;
				CLANG_WARN_INT_CONVERSION = YES;
				CLANG_WARN_NON_LITERAL_NULL_CONVERSION = YES;
				CLANG_WARN_OBJC_IMPLICIT_RETAIN_SELF = YES;
				CLANG_WARN_OBJC_LITERAL_CONVERSION = YES;
				CLANG_WARN_QUOTED_INCLUDE_IN_FRAMEWORK_HEADER = YES;
				CLANG_WARN_RANGE_LOOP_ANALYSIS = YES;
				CLANG_WARN_STRICT_PROTOTYPES = YES;
				CLANG_WARN_SUSPICIOUS_MOVE = YES;
				CLANG_WARN_UNREACHABLE_CODE = YES;
				CLANG_WARN__DUPLICATE_METHOD_MATCH = YES;
				COPY_PHASE_STRIP = NO;
				DEAD_CODE_STRIPPING = YES;
				DEBUG_INFORMATION_FORMAT = "dwarf-with-dsym";
				ENABLE_NS_ASSERTIONS = NO;
				ENABLE_STRICT_OBJC_MSGSEND = YES;
				ENABLE_USER_SCRIPT_SANDBOXING = YES;
				GCC_C_LANGUAGE_STANDARD = gnu17;
				GCC_NO_COMMON_BLOCKS = YES;
				GCC_WARN_64_TO_32_BIT_CONVERSION = YES;
				GCC_WARN_ABOUT_RETURN_TYPE = YES;
				GCC_WARN_UNDECLARED_SELECTOR = YES;
				GCC_WARN_UNINITIALIZED_AUTOS = YES;
				GCC_WARN_UNUSED_FUNCTION = YES;
				GCC_WARN_UNUSED_VARIABLE = YES;
				MTL_FAST_MATH = YES;
				STRING_CATALOG_GENERATE_SYMBOLS = YES;
				SWIFT_COMPILATION_MODE = wholemodule;
				SWIFT_OPTIMIZATION_LEVEL = "-O";
			};
			name = Release;
		};
		A8000005 /* Debug */ = {
			isa = XCBuildConfiguration;
			buildSettings = {
				ASSETCATALOG_COMPILER_APPICON_NAME = AppIcon;
				ASSETCATALOG_COMPILER_GLOBAL_ACCENT_COLOR_NAME = AccentColor;
				CODE_SIGN_STYLE = Automatic;
				COMBINE_HIDPI_IMAGES = YES;
				CURRENT_PROJECT_VERSION = 1;
				DEAD_CODE_STRIPPING = YES;
				ENABLE_HARDENED_RUNTIME = YES;
				INFOPLIST_FILE = MenuBarTimer/Info.plist;
				LD_RUNPATH_SEARCH_PATHS = (
					"$(inherited)",
					"@executable_path/../Frameworks",
				);
				MACOSX_DEPLOYMENT_TARGET = 13.0;
				MARKETING_VERSION = 1.0;
				PRODUCT_BUNDLE_IDENTIFIER = com.yourname.MenuBarTimer;
				PRODUCT_NAME = DepoTimer;
				SWIFT_EMIT_LOC_STRINGS = YES;
				SWIFT_VERSION = 5.0;
			};
			name = Debug;
		};
		A8000006 /* Release */ = {
			isa = XCBuildConfiguration;
			buildSettings = {
				ASSETCATALOG_COMPILER_APPICON_NAME = AppIcon;
				ASSETCATALOG_COMPILER_GLOBAL_ACCENT_COLOR_NAME = AccentColor;
				CODE_SIGN_STYLE = Automatic;
				COMBINE_HIDPI_IMAGES = YES;
				CURRENT_PROJECT_VERSION = 1;
				DEAD_CODE_STRIPPING = YES;
				ENABLE_HARDENED_RUNTIME = YES;
				INFOPLIST_FILE = MenuBarTimer/Info.plist;
				LD_RUNPATH_SEARCH_PATHS = (
					"$(inherited)",
					"@executable_path/../Frameworks",
				);
				MACOSX_DEPLOYMENT_TARGET = 13.0;
				MARKETING_VERSION = 1.0;
				PRODUCT_BUNDLE_IDENTIFIER = com.yourname.MenuBarTimer;
				PRODUCT_NAME = DepoTimer;
				SWIFT_EMIT_LOC_STRINGS = YES;
				SWIFT_VERSION = 5.0;
			};
			name = Release;
		};
/* End XCBuildConfiguration section */

/* Begin XCConfigurationList section */
		A041545D2FB7DEBB006808FD /* Build configuration list for PBXNativeTarget "DepoTimerWidgetExtension" */ = {
			isa = XCConfigurationList;
			buildConfigurations = (
				A041545E2FB7DEBB006808FD /* Debug */,
				A041545F2FB7DEBB006808FD /* Release */,
			);
			defaultConfigurationIsVisible = 0;
			defaultConfigurationName = Release;
		};
		A0894AF92FB6FC29009C1645 /* Build configuration list for PBXNativeTarget "DepoTimer" */ = {
			isa = XCConfigurationList;
			buildConfigurations = (
				A0894AFA2FB6FC29009C1645 /* Debug */,
				A0894AFB2FB6FC29009C1645 /* Release */,
			);
			defaultConfigurationIsVisible = 0;
			defaultConfigurationName = Release;
		};
		A8000001 /* Build configuration list for PBXNativeTarget "MenuBarTimer" */ = {
			isa = XCConfigurationList;
			buildConfigurations = (
				A8000005 /* Debug */,
				A8000006 /* Release */,
			);
			defaultConfigurationIsVisible = 0;
			defaultConfigurationName = Release;
		};
		A8000002 /* Build configuration list for PBXProject "MenuBarTimer" */ = {
			isa = XCConfigurationList;
			buildConfigurations = (
				A8000003 /* Debug */,
				A8000004 /* Release */,
			);
			defaultConfigurationIsVisible = 0;
			defaultConfigurationName = Release;
		};
/* End XCConfigurationList section */

/* Begin XCLocalSwiftPackageReference section */
		A04F6FDD2FB7F3EA0085446E /* XCLocalSwiftPackageReference "Packages/DepoKit" */ = {
			isa = XCLocalSwiftPackageReference;
			relativePath = Packages/DepoKit;
		};
/* End XCLocalSwiftPackageReference section */

/* Begin XCSwiftPackageProductDependency section */
		A04F6FDE2FB80C120085446E /* DepoCore */ = {
			isa = XCSwiftPackageProductDependency;
			package = A04F6FDD2FB7F3EA0085446E /* XCLocalSwiftPackageReference "Packages/DepoKit" */;
			productName = DepoCore;
		};
		A0D4CABC2FBFEB830093A3BD /* DepoLiveActivity */ = {
			isa = XCSwiftPackageProductDependency;
			package = A04F6FDD2FB7F3EA0085446E /* XCLocalSwiftPackageReference "Packages/DepoKit" */;
			productName = DepoLiveActivity;
		};
		A0D4CAC22FBFEFD10093A3BD /* DepoCore */ = {
			isa = XCSwiftPackageProductDependency;
			package = A04F6FDD2FB7F3EA0085446E /* XCLocalSwiftPackageReference "Packages/DepoKit" */;
			productName = DepoCore;
		};
		A0D4CACA2FC6D9E40093A3BD /* DepoUI */ = {
			isa = XCSwiftPackageProductDependency;
			package = A04F6FDD2FB7F3EA0085446E /* XCLocalSwiftPackageReference "Packages/DepoKit" */;
			productName = DepoUI;
		};
		A0D4CACC2FC6DBF00093A3BD /* DepoUI */ = {
			isa = XCSwiftPackageProductDependency;
			package = A04F6FDD2FB7F3EA0085446E /* XCLocalSwiftPackageReference "Packages/DepoKit" */;
			productName = DepoUI;
		};
/* End XCSwiftPackageProductDependency section */
	};
	rootObject = AA000001 /* Project object */;
}
